
Microsoft Visual Studio Solution File, Format Version 12.00
# Visual Studio Version 17
VisualStudioVersion = 17.5.002.0
MinimumVisualStudioVersion = 10.0.40219.1
Project("{9A19103F-16F7-4668-BE54-9A1E7A4F7556}") = "project.net10", "project.net10.csproj", "{F795AFF2-2764-45BA-8DE0-F79FD5DE9E34}"
EndProject
Global
	GlobalSection(SolutionConfigurationPlatforms) = preSolution
		Debug|Any CPU = Debug|Any CPU
		Release|Any CPU = Release|Any CPU
	EndGlobalSection
	GlobalSection(ProjectConfigurationPlatforms) = postSolution
		{F795AFF2-2764-45BA-8DE0-F79FD5DE9E34}.Debug|Any CPU.ActiveCfg = Debug|Any CPU
		{F795AFF2-2764-45BA-8DE0-F79FD5DE9E34}.Debug|Any CPU.Build.0 = Debug|Any CPU
		{F795AFF2-2764-45BA-8DE0-F79FD5DE9E34}.Release|Any CPU.ActiveCfg = Release|Any CPU
		{F795AFF2-2764-45BA-8DE0-F79FD5DE9E34}.Release|Any CPU.Build.0 = Release|Any CPU
	EndGlobalSection
	GlobalSection(SolutionProperties) = preSolution
		HideSolutionNode = FALSE
	EndGlobalSection
	GlobalSection(ExtensibilityGlobals) = postSolution
		SolutionGuid = {CEFD22E7-B2AC-4FB4-BD7B-A993D13792EF}
	EndGlobalSection
EndGlobal
